
Microsoft Visual Studio Solution File, Format Version 12.00
# Visual Studio Version 16
VisualStudioVersion = 16.0.30503.244
MinimumVisualStudioVersion = 10.0.40219.1
Project("{FAE04EC0-301F-11D3-BF4B-00C04F79EFBC}") = "TodoList3Layers", "TodoList3Layers\TodoList3Layers.csproj", "{680F984A-755E-4A9F-8E0E-D7D286C6E8D1}"
EndProject
Global
	GlobalSection(SolutionConfigurationPlatforms) = preSolution
		Debug|Any CPU = Debug|Any CPU
		Release|Any CPU = Release|Any CPU
	EndGlobalSection
	GlobalSection(ProjectConfigurationPlatforms) = postSolution
		{680F984A-755E-4A9F-8E0E-D7D286C6E8D1}.Debug|Any CPU.ActiveCfg = Debug|Any CPU
		{680F984A-755E-4A9F-8E0E-D7D286C6E8D1}.Debug|Any CPU.Build.0 = Debug|Any CPU
		{680F984A-755E-4A9F-8E0E-D7D286C6E8D1}.Release|Any CPU.ActiveCfg = Release|Any CPU
		{680F984A-755E-4A9F-8E0E-D7D286C6E8D1}.Release|Any CPU.Build.0 = Release|Any CPU
	EndGlobalSection
	GlobalSection(SolutionProperties) = preSolution
		HideSolutionNode = FALSE
	EndGlobalSection
	GlobalSection(ExtensibilityGlobals) = postSolution
		SolutionGuid = {95DFE186-0844-4C07-B4CC-2EE94FBFED1C}
	EndGlobalSection
EndGlobal
